
Microsoft Visual Studio Solution File, Format Version 12.00
# Visual Studio Version 16
VisualStudioVersion = 16.0.29609.76
MinimumVisualStudioVersion = 10.0.40219.1
Project("{FAE04EC0-301F-11D3-BF4B-00C04F79EFBC}") = "Menu_pizza_poo_v2", "Menu_pizza_poo_v2\Menu_pizza_poo_v2.csproj", "{E030EF58-7B19-4DE1-B572-751133F729E9}"
EndProject
Global
	GlobalSection(SolutionConfigurationPlatforms) = preSolution
		Debug|Any CPU = Debug|Any CPU
		Release|Any CPU = Release|Any CPU
	EndGlobalSection
	GlobalSection(ProjectConfigurationPlatforms) = postSolution
		{E030EF58-7B19-4DE1-B572-751133F729E9}.Debug|Any CPU.ActiveCfg = Debug|Any CPU
		{E030EF58-7B19-4DE1-B572-751133F729E9}.Debug|Any CPU.Build.0 = Debug|Any CPU
		{E030EF58-7B19-4DE1-B572-751133F729E9}.Release|Any CPU.ActiveCfg = Release|Any CPU
		{E030EF58-7B19-4DE1-B572-751133F729E9}.Release|Any CPU.Build.0 = Release|Any CPU
	EndGlobalSection
	GlobalSection(SolutionProperties) = preSolution
		HideSolutionNode = FALSE
	EndGlobalSection
	GlobalSection(ExtensibilityGlobals) = postSolution
		SolutionGuid = {A5D8C872-756E-43AE-882C-5C07F211C092}
	EndGlobalSection
EndGlobal
